
Microsoft Visual Studio Solution File, Format Version 12.00
# Visual Studio Version 17
VisualStudioVersion = 17.1.32228.430
MinimumVisualStudioVersion = 10.0.40219.1
Project("{FAE04EC0-301F-11D3-BF4B-00C04F79EFBC}") = "BISolutions", "BISolutions.csproj", "{6A4E1412-39D1-47BE-82ED-6BEEBBE50B8B}"
EndProject
Global
	GlobalSection(SolutionConfigurationPlatforms) = preSolution
		Debug|Any CPU = Debug|Any CPU
		Release|Any CPU = Release|Any CPU
	EndGlobalSection
	GlobalSection(ProjectConfigurationPlatforms) = postSolution
		{6A4E1412-39D1-47BE-82ED-6BEEBBE50B8B}.Debug|Any CPU.ActiveCfg = Debug|Any CPU
		{6A4E1412-39D1-47BE-82ED-6BEEBBE50B8B}.Debug|Any CPU.Build.0 = Debug|Any CPU
		{6A4E1412-39D1-47BE-82ED-6BEEBBE50B8B}.Release|Any CPU.ActiveCfg = Release|Any CPU
		{6A4E1412-39D1-47BE-82ED-6BEEBBE50B8B}.Release|Any CPU.Build.0 = Release|Any CPU
	EndGlobalSection
	GlobalSection(SolutionProperties) = preSolution
		HideSolutionNode = FALSE
	EndGlobalSection
	GlobalSection(ExtensibilityGlobals) = postSolution
		SolutionGuid = {1198A126-E896-410E-A3DC-ABB560222239}
	EndGlobalSection
EndGlobal
